// !$*UTF8*$!
{
	archiveVersion = 1;
	classes = {
	};
	objectVersion = 56;
	objects = {

/* Begin PBXBuildFile section */
		3868D3062A1E1F1000E3F53D /* WiggleGram_App_SwiftUIApp.swift in Sources */ = {isa = PBXBuildFile; fileRef = 3868D3052A1E1F1000E3F53D /* WiggleGram_App_SwiftUIApp.swift */; };
		3868D3082A1E1F1000E3F53D /* ContentView.swift in Sources */ = {isa = PBXBuildFile; fileRef = 3868D3072A1E1F1000E3F53D /* ContentView.swift */; };
		3868D30A2A1E1F1200E3F53D /* Assets.xcassets in Resources */ = {isa = PBXBuildFile; fileRef = 3868D3092A1E1F1200E3F53D /* Assets.xcassets */; };
		3868D30D2A1E1F1200E3F53D /* Preview Assets.xcassets in Resources */ = {isa = PBXBuildFile; fileRef = 3868D30C2A1E1F1200E3F53D /* Preview Assets.xcassets */; };
		3868D3172A1E1F1200E3F53D /* WiggleGram_App_SwiftUITests.swift in Sources */ = {isa = PBXBuildFile; fileRef = 3868D3162A1E1F1200E3F53D /* WiggleGram_App_SwiftUITests.swift */; };
		3868D3212A1E1F1200E3F53D /* WiggleGram_App_SwiftUIUITests.swift in Sources */ = {isa = PBXBuildFile; fileRef = 3868D3202A1E1F1200E3F53D /* WiggleGram_App_SwiftUIUITests.swift */; };
		3868D3232A1E1F1200E3F53D /* WiggleGram_App_SwiftUIUITestsLaunchTests.swift in Sources */ = {isa = PBXBuildFile; fileRef = 3868D3222A1E1F1200E3F53D /* WiggleGram_App_SwiftUIUITestsLaunchTests.swift */; };
/* End PBXBuildFile section */

/* Begin PBXContainerItemProxy section */
		3868D3132A1E1F1200E3F53D /* PBXContainerItemProxy */ = {
			isa = PBXContainerItemProxy;
			containerPortal = 3868D2FA2A1E1F1000E3F53D /* Project object */;
			proxyType = 1;
			remoteGlobalIDString = 3868D3012A1E1F1000E3F53D;
			remoteInfo = WiggleGram_App_SwiftUI;
		};
		3868D31D2A1E1F1200E3F53D /* PBXContainerItemProxy */ = {
			isa = PBXContainerItemProxy;
			containerPortal = 3868D2FA2A1E1F1000E3F53D /* Project object */;
			proxyType = 1;
			remoteGlobalIDString = 3868D3012A1E1F1000E3F53D;
			remoteInfo = WiggleGram_App_SwiftUI;
		};
/* End PBXContainerItemProxy section */

/* Begin PBXFileReference section */
		3868D3022A1E1F1000E3F53D /* WiggleGram_App_SwiftUI.app */ = {isa = PBXFileReference; explicitFileType = wrapper.application; includeInIndex = 0; path = WiggleGram_App_SwiftUI.app; sourceTree = BUILT_PRODUCTS_DIR; };
		3868D3052A1E1F1000E3F53D /* WiggleGram_App_SwiftUIApp.swift */ = {isa = PBXFileReference; lastKnownFileType = sourcecode.swift; path = WiggleGram_App_SwiftUIApp.swift; sourceTree = "<group>"; };
		3868D3072A1E1F1000E3F53D /* ContentView.swift */ = {isa = PBXFileReference; lastKnownFileType = sourcecode.swift; path = ContentView.swift; sourceTree = "<group>"; };
		3868D3092A1E1F1200E3F53D /* Assets.xcassets */ = {isa = PBXFileReference; lastKnownFileType = folder.assetcatalog; path = Assets.xcassets; sourceTree = "<group>"; };
		3868D30C2A1E1F1200E3F53D /* Preview Assets.xcassets */ = {isa = PBXFileReference; lastKnownFileType = folder.assetcatalog; path = "Preview Assets.xcassets"; sourceTree = "<group>"; };
		3868D3122A1E1F1200E3F53D /* WiggleGram_App_SwiftUITests.xctest */ = {isa = PBXFileReference; explicitFileType = wrapper.cfbundle; includeInIndex = 0; path = WiggleGram_App_SwiftUITests.xctest; sourceTree = BUILT_PRODUCTS_DIR; };
		3868D3162A1E1F1200E3F53D /* WiggleGram_App_SwiftUITests.swift */ = {isa = PBXFileReference; lastKnownFileType = sourcecode.swift; path = WiggleGram_App_SwiftUITests.swift; sourceTree = "<group>"; };
		3868D31C2A1E1F1200E3F53D /* WiggleGram_App_SwiftUIUITests.xctest */ = {isa = PBXFileReference; explicitFileType = wrapper.cfbundle; includeInIndex = 0; path = WiggleGram_App_SwiftUIUITests.xctest; sourceTree = BUILT_PRODUCTS_DIR; };
		3868D3202A1E1F1200E3F53D /* WiggleGram_App_SwiftUIUITests.swift */ = {isa = PBXFileReference; lastKnownFileType = sourcecode.swift; path = WiggleGram_App_SwiftUIUITests.swift; sourceTree = "<group>"; };
		3868D3222A1E1F1200E3F53D /* WiggleGram_App_SwiftUIUITestsLaunchTests.swift */ = {isa = PBXFileReference; lastKnownFileType = sourcecode.swift; path = WiggleGram_App_SwiftUIUITestsLaunchTests.swift; sourceTree = "<group>"; };
/* End PBXFileReference section */

/* Begin PBXFrameworksBuildPhase section */
		3868D2FF2A1E1F1000E3F53D /* Frameworks */ = {
			isa = PBXFrameworksBuildPhase;
			buildActionMask = 2147483647;
			files = (
			);
			runOnlyForDeploymentPostprocessing = 0;
		};
		3868D30F2A1E1F1200E3F53D /* Frameworks */ = {
			isa = PBXFrameworksBuildPhase;
			buildActionMask = 2147483647;
			files = (
			);
			runOnlyForDeploymentPostprocessing = 0;
		};
		3868D3192A1E1F1200E3F53D /* Frameworks */ = {
			isa = PBXFrameworksBuildPhase;
			buildActionMask = 2147483647;
			files = (
			);
			runOnlyForDeploymentPostprocessing = 0;
		};
/* End PBXFrameworksBuildPhase section */

/* Begin PBXGroup section */
		3868D2F92A1E1F1000E3F53D = {
			isa = PBXGroup;
			children = (
				3868D3042A1E1F1000E3F53D /* WiggleGram_App_SwiftUI */,
				3868D3152A1E1F1200E3F53D /* WiggleGram_App_SwiftUITests */,
				3868D31F2A1E1F1200E3F53D /* WiggleGram_App_SwiftUIUITests */,
				3868D3032A1E1F1000E3F53D /* Products */,
			);
			sourceTree = "<group>";
		};
		3868D3032A1E1F1000E3F53D /* Products */ = {
			isa = PBXGroup;
			children = (
				3868D3022A1E1F1000E3F53D /* WiggleGram_App_SwiftUI.app */,
				3868D3122A1E1F1200E3F53D /* WiggleGram_App_SwiftUITests.xctest */,
				3868D31C2A1E1F1200E3F53D /* WiggleGram_App_SwiftUIUITests.xctest */,
			);
			name = Products;
			sourceTree = "<group>";
		};
		3868D3042A1E1F1000E3F53D /* WiggleGram_App_SwiftUI */ = {
			isa = PBXGroup;
			children = (
				3868D3052A1E1F1000E3F53D /* WiggleGram_App_SwiftUIApp.swift */,
				3868D3072A1E1F1000E3F53D /* ContentView.swift */,
				3868D3092A1E1F1200E3F53D /* Assets.xcassets */,
				3868D30B2A1E1F1200E3F53D /* Preview Content */,
			);
			path = WiggleGram_App_SwiftUI;
			sourceTree = "<group>";
		};
		3868D30B2A1E1F1200E3F53D /* Preview Content */ = {
			isa = PBXGroup;
			children = (
				3868D30C2A1E1F1200E3F53D /* Preview Assets.xcassets */,
			);
			path = "Preview Content";
			sourceTree = "<group>";
		};
		3868D3152A1E1F1200E3F53D /* WiggleGram_App_SwiftUITests */ = {
			isa = PBXGroup;
			children = (
				3868D3162A1E1F1200E3F53D /* WiggleGram_App_SwiftUITests.swift */,
			);
			path = WiggleGram_App_SwiftUITests;
			sourceTree = "<group>";
		};
		3868D31F2A1E1F1200E3F53D /* WiggleGram_App_SwiftUIUITests */ = {
			isa = PBXGroup;
			children = (
				3868D3202A1E1F1200E3F53D /* WiggleGram_App_SwiftUIUITests.swift */,
				3868D3222A1E1F1200E3F53D /* WiggleGram_App_SwiftUIUITestsLaunchTests.swift */,
			);
			path = WiggleGram_App_SwiftUIUITests;
			sourceTree = "<group>";
		};
/* End PBXGroup section */

/* Begin PBXNativeTarget section */
		3868D3012A1E1F1000E3F53D /* WiggleGram_App_SwiftUI */ = {
			isa = PBXNativeTarget;
			buildConfigurationList = 3868D3262A1E1F1200E3F53D /* Build configuration list for PBXNativeTarget "WiggleGram_App_SwiftUI" */;
			buildPhases = (
				3868D2FE2A1E1F1000E3F53D /* Sources */,
				3868D2FF2A1E1F1000E3F53D /* Frameworks */,
				3868D3002A1E1F1000E3F53D /* Resources */,
			);
			buildRules = (
			);
			dependencies = (
			);
			name = WiggleGram_App_SwiftUI;
			productName = WiggleGram_App_SwiftUI;
			productReference = 3868D3022A1E1F1000E3F53D /* WiggleGram_App_SwiftUI.app */;
			productType = "com.apple.product-type.application";
		};
		3868D3112A1E1F1200E3F53D /* WiggleGram_App_SwiftUITests */ = {
			isa = PBXNativeTarget;
			buildConfigurationList = 3868D3292A1E1F1200E3F53D /* Build configuration list for PBXNativeTarget "WiggleGram_App_SwiftUITests" */;
			buildPhases = (
				3868D30E2A1E1F1200E3F53D /* Sources */,
				3868D30F2A1E1F1200E3F53D /* Frameworks */,
				3868D3102A1E1F1200E3F53D /* Resources */,
			);
			buildRules = (
			);
			dependencies = (
				3868D3142A1E1F1200E3F53D /* PBXTargetDependency */,
			);
			name = WiggleGram_App_SwiftUITests;
			productName = WiggleGram_App_SwiftUITests;
			productReference = 3868D3122A1E1F1200E3F53D /* WiggleGram_App_SwiftUITests.xctest */;
			productType = "com.apple.product-type.bundle.unit-test";
		};
		3868D31B2A1E1F1200E3F53D /* WiggleGram_App_SwiftUIUITests */ = {
			isa = PBXNativeTarget;
			buildConfigurationList = 3868D32C2A1E1F1200E3F53D /* Build configuration list for PBXNativeTarget "WiggleGram_App_SwiftUIUITests" */;
			buildPhases = (
				3868D3182A1E1F1200E3F53D /* Sources */,
				3868D3192A1E1F1200E3F53D /* Frameworks */,
				3868D31A2A1E1F1200E3F53D /* Resources */,
			);
			buildRules = (
			);
			dependencies = (
				3868D31E2A1E1F1200E3F53D /* PBXTargetDependency */,
			);
			name = WiggleGram_App_SwiftUIUITests;
			productName = WiggleGram_App_SwiftUIUITests;
			productReference = 3868D31C2A1E1F1200E3F53D /* WiggleGram_App_SwiftUIUITests.xctest */;
			productType = "com.apple.product-type.bundle.ui-testing";
		};
/* End PBXNativeTarget section */

/* Begin PBXProject section */
		3868D2FA2A1E1F1000E3F53D /* Project object */ = {
			isa = PBXProject;
			attributes = {
				BuildIndependentTargetsInParallel = 1;
				LastSwiftUpdateCheck = 1410;
				LastUpgradeCheck = 1410;
				TargetAttributes = {
					3868D3012A1E1F1000E3F53D = {
						CreatedOnToolsVersion = 14.1;
					};
					3868D3112A1E1F1200E3F53D = {
						CreatedOnToolsVersion = 14.1;
						TestTargetID = 3868D3012A1E1F1000E3F53D;
					};
					3868D31B2A1E1F1200E3F53D = {
						CreatedOnToolsVersion = 14.1;
						TestTargetID = 3868D3012A1E1F1000E3F53D;
					};
				};
			};
			buildConfigurationList = 3868D2FD2A1E1F1000E3F53D /* Build configuration list for PBXProject "WiggleGram_App_SwiftUI" */;
			compatibilityVersion = "Xcode 14.0";
			developmentRegion = en;
			hasScannedForEncodings = 0;
			knownRegions = (
				en,
				Base,
			);
			mainGroup = 3868D2F92A1E1F1000E3F53D;
			productRefGroup = 3868D3032A1E1F1000E3F53D /* Products */;
			projectDirPath = "";
			projectRoot = "";
			targets = (
				3868D3012A1E1F1000E3F53D /* WiggleGram_App_SwiftUI */,
				3868D3112A1E1F1200E3F53D /* WiggleGram_App_SwiftUITests */,
				3868D31B2A1E1F1200E3F53D /* WiggleGram_App_SwiftUIUITests */,
			);
		};
/* End PBXProject section */

/* Begin PBXResourcesBuildPhase section */
		3868D3002A1E1F1000E3F53D /* Resources */ = {
			isa = PBXResourcesBuildPhase;
			buildActionMask = 2147483647;
			files = (
				3868D30D2A1E1F1200E3F53D /* Preview Assets.xcassets in Resources */,
				3868D30A2A1E1F1200E3F53D /* Assets.xcassets in Resources */,
			);
			runOnlyForDeploymentPostprocessing = 0;
		};
		3868D3102A1E1F1200E3F53D /* Resources */ = {
			isa = PBXResourcesBuildPhase;
			buildActionMask = 2147483647;
			files = (
			);
			runOnlyForDeploymentPostprocessing = 0;
		};
		3868D31A2A1E1F1200E3F53D /* Resources */ = {
			isa = PBXResourcesBuildPhase;
			buildActionMask = 2147483647;
			files = (
			);
			runOnlyForDeploymentPostprocessing = 0;
		};
/* End PBXResourcesBuildPhase section */

/* Begin PBXSourcesBuildPhase section */
		3868D2FE2A1E1F1000E3F53D /* Sources */ = {
			isa = PBXSourcesBuildPhase;
			buildActionMask = 2147483647;
			files = (
				3868D3082A1E1F1000E3F53D /* ContentView.swift in Sources */,
				3868D3062A1E1F1000E3F53D /* WiggleGram_App_SwiftUIApp.swift in Sources */,
			);
			runOnlyForDeploymentPostprocessing = 0;
		};
		3868D30E2A1E1F1200E3F53D /* Sources */ = {
			isa = PBXSourcesBuildPhase;
			buildActionMask = 2147483647;
			files = (
				3868D3172A1E1F1200E3F53D /* WiggleGram_App_SwiftUITests.swift in Sources */,
			);
			runOnlyForDeploymentPostprocessing = 0;
		};
		3868D3182A1E1F1200E3F53D /* Sources */ = {
			isa = PBXSourcesBuildPhase;
			buildActionMask = 2147483647;
			files = (
				3868D3232A1E1F1200E3F53D /* WiggleGram_App_SwiftUIUITestsLaunchTests.swift in Sources */,
				3868D3212A1E1F1200E3F53D /* WiggleGram_App_SwiftUIUITests.swift in Sources */,
			);
			runOnlyForDeploymentPostprocessing = 0;
		};
/* End PBXSourcesBuildPhase section */

/* Begin PBXTargetDependency section */
		3868D3142A1E1F1200E3F53D /* PBXTargetDependency */ = {
			isa = PBXTargetDependency;
			target = 3868D3012A1E1F1000E3F53D /* WiggleGram_App_SwiftUI */;
			targetProxy = 3868D3132A1E1F1200E3F53D /* PBXContainerItemProxy */;
		};
		3868D31E2A1E1F1200E3F53D /* PBXTargetDependency */ = {
			isa = PBXTargetDependency;
			target = 3868D3012A1E1F1000E3F53D /* WiggleGram_App_SwiftUI */;
			targetProxy = 3868D31D2A1E1F1200E3F53D /* PBXContainerItemProxy */;
		};
/* End PBXTargetDependency section */

/* Begin XCBuildConfiguration section */
		3868D3242A1E1F1200E3F53D /* Debug */ = {
			isa = XCBuildConfiguration;
			buildSettings = {
				ALWAYS_SEARCH_USER_PATHS = NO;
				CLANG_ANALYZER_NONNULL = YES;
				CLANG_ANALYZER_NUMBER_OBJECT_CONVERSION = YES_AGGRESSIVE;
				CLANG_CXX_LANGUAGE_STANDARD = "gnu++20";
				CLANG_ENABLE_MODULES = YES;
				CLANG_ENABLE_OBJC_ARC = YES;
				CLANG_ENABLE_OBJC_WEAK = YES;
				CLANG_WARN_BLOCK_CAPTURE_AUTORELEASING = YES;
				CLANG_WARN_BOOL_CONVERSION = YES;
				CLANG_WARN_COMMA = YES;
				CLANG_WARN_CONSTANT_CONVERSION = YES;
				CLANG_WARN_DEPRECATED_OBJC_IMPLEMENTATIONS = YES;
				CLANG_WARN_DIRECT_OBJC_ISA_USAGE = YES_ERROR;
				CLANG_WARN_DOCUMENTATION_COMMENTS = YES;
				CLANG_WARN_EMPTY_BODY = YES;
				CLANG_WARN_ENUM_CONVERSION = YES;
				CLANG_WARN_INFINITE_RECURSION = YES;
				CLANG_WARN_INT_CONVERSION = YES;
				CLANG_WARN_NON_LITERAL_NULL_CONVERSION = YES;
				CLANG_WARN_OBJC_IMPLICIT_RETAIN_SELF = YES;
				CLANG_WARN_OBJC_LITERAL_CONVERSION = YES;
				CLANG_WARN_OBJC_ROOT_CLASS = YES_ERROR;
				CLANG_WARN_QUOTED_INCLUDE_IN_FRAMEWORK_HEADER = YES;
				CLANG_WARN_RANGE_LOOP_ANALYSIS = YES;
				CLANG_WARN_STRICT_PROTOTYPES = YES;
				CLANG_WARN_SUSPICIOUS_MOVE = YES;
				CLANG_WARN_UNGUARDED_AVAILABILITY = YES_AGGRESSIVE;
				CLANG_WARN_UNREACHABLE_CODE = YES;
				CLANG_WARN__DUPLICATE_METHOD_MATCH = YES;
				COPY_PHASE_STRIP = NO;
				DEBUG_INFORMATION_FORMAT = dwarf;
				ENABLE_STRICT_OBJC_MSGSEND = YES;
				ENABLE_TESTABILITY = YES;
				GCC_C_LANGUAGE_STANDARD = gnu11;
				GCC_DYNAMIC_NO_PIC = NO;
				GCC_NO_COMMON_BLOCKS = YES;
				GCC_OPTIMIZATION_LEVEL = 0;
				GCC_PREPROCESSOR_DEFINITIONS = (
					"DEBUG=1",
					"$(inherited)",
				);
				GCC_WARN_64_TO_32_BIT_CONVERSION = YES;
				GCC_WARN_ABOUT_RETURN_TYPE = YES_ERROR;
				GCC_WARN_UNDECLARED_SELECTOR = YES;
				GCC_WARN_UNINITIALIZED_AUTOS = YES_AGGRESSIVE;
				GCC_WARN_UNUSED_FUNCTION = YES;
				GCC_WARN_UNUSED_VARIABLE = YES;
				IPHONEOS_DEPLOYMENT_TARGET = 16.1;
				MTL_ENABLE_DEBUG_INFO = INCLUDE_SOURCE;
				MTL_FAST_MATH = YES;
				ONLY_ACTIVE_ARCH = YES;
				SDKROOT = iphoneos;
				SWIFT_ACTIVE_COMPILATION_CONDITIONS = DEBUG;
				SWIFT_OPTIMIZATION_LEVEL = "-Onone";
			};
			name = Debug;
		};
		3868D3252A1E1F1200E3F53D /* Release */ = {
			isa = XCBuildConfiguration;
			buildSettings = {
				ALWAYS_SEARCH_USER_PATHS = NO;
				CLANG_ANALYZER_NONNULL = YES;
				CLANG_ANALYZER_NUMBER_OBJECT_CONVERSION = YES_AGGRESSIVE;
				CLANG_CXX_LANGUAGE_STANDARD = "gnu++20";
				CLANG_ENABLE_MODULES = YES;
				CLANG_ENABLE_OBJC_ARC = YES;
				CLANG_ENABLE_OBJC_WEAK = YES;
				CLANG_WARN_BLOCK_CAPTURE_AUTORELEASING = YES;
				CLANG_WARN_BOOL_CONVERSION = YES;
				CLANG_WARN_COMMA = YES;
				CLANG_WARN_CONSTANT_CONVERSION = YES;
				CLANG_WARN_DEPRECATED_OBJC_IMPLEMENTATIONS = YES;
				CLANG_WARN_DIRECT_OBJC_ISA_USAGE = YES_ERROR;
				CLANG_WARN_DOCUMENTATION_COMMENTS = YES;
				CLANG_WARN_EMPTY_BODY = YES;
				CLANG_WARN_ENUM_CONVERSION = YES;
				CLANG_WARN_INFINITE_RECURSION = YES;
				CLANG_WARN_INT_CONVERSION = YES;
				CLANG_WARN_NON_LITERAL_NULL_CONVERSION = YES;
				CLANG_WARN_OBJC_IMPLICIT_RETAIN_SELF = YES;
				CLANG_WARN_OBJC_LITERAL_CONVERSION = YES;
				CLANG_WARN_OBJC_ROOT_CLASS = YES_ERROR;
				CLANG_WARN_QUOTED_INCLUDE_IN_FRAMEWORK_HEADER = YES;
				CLANG_WARN_RANGE_LOOP_ANALYSIS = YES;
				CLANG_WARN_STRICT_PROTOTYPES = YES;
				CLANG_WARN_SUSPICIOUS_MOVE = YES;
				CLANG_WARN_UNGUARDED_AVAILABILITY = YES_AGGRESSIVE;
				CLANG_WARN_UNREACHABLE_CODE = YES;
				CLANG_WARN__DUPLICATE_METHOD_MATCH = YES;
				COPY_PHASE_STRIP = NO;
				DEBUG_INFORMATION_FORMAT = "dwarf-with-dsym";
				ENABLE_NS_ASSERTIONS = NO;
				ENABLE_STRICT_OBJC_MSGSEND = YES;
				GCC_C_LANGUAGE_STANDARD = gnu11;
				GCC_NO_COMMON_BLOCKS = YES;
				GCC_WARN_64_TO_32_BIT_CONVERSION = YES;
				GCC_WARN_ABOUT_RETURN_TYPE = YES_ERROR;
				GCC_WARN_UNDECLARED_SELECTOR = YES;
				GCC_WARN_UNINITIALIZED_AUTOS = YES_AGGRESSIVE;
				GCC_WARN_UNUSED_FUNCTION = YES;
				GCC_WARN_UNUSED_VARIABLE = YES;
				IPHONEOS_DEPLOYMENT_TARGET = 16.1;
				MTL_ENABLE_DEBUG_INFO = NO;
				MTL_FAST_MATH = YES;
				SDKROOT = iphoneos;
				SWIFT_COMPILATION_MODE = wholemodule;
				SWIFT_OPTIMIZATION_LEVEL = "-O";
				VALIDATE_PRODUCT = YES;
			};
			name = Release;
		};
		3868D3272A1E1F1200E3F53D /* Debug */ = {
			isa = XCBuildConfiguration;
			buildSettings = {
				ASSETCATALOG_COMPILER_APPICON_NAME = AppIcon;
				ASSETCATALOG_COMPILER_GLOBAL_ACCENT_COLOR_NAME = AccentColor;
				CODE_SIGN_STYLE = Automatic;
				CURRENT_PROJECT_VERSION = 1;
				DEVELOPMENT_ASSET_PATHS = "\"WiggleGram_App_SwiftUI/Preview Content\"";
				DEVELOPMENT_TEAM = Y75CGNV7LK;
				ENABLE_PREVIEWS = YES;
				GENERATE_INFOPLIST_FILE = YES;
				INFOPLIST_KEY_UIApplicationSceneManifest_Generation = YES;
				INFOPLIST_KEY_UIApplicationSupportsIndirectInputEvents = YES;
				INFOPLIST_KEY_UILaunchScreen_Generation = YES;
				INFOPLIST_KEY_UISupportedInterfaceOrientations_iPad = "UIInterfaceOrientationPortrait UIInterfaceOrientationPortraitUpsideDown UIInterfaceOrientationLandscapeLeft UIInterfaceOrientationLandscapeRight";
				INFOPLIST_KEY_UISupportedInterfaceOrientations_iPhone = "UIInterfaceOrientationPortrait UIInterfaceOrientationLandscapeLeft UIInterfaceOrientationLandscapeRight";
				LD_RUNPATH_SEARCH_PATHS = (
					"$(inherited)",
					"@executable_path/Frameworks",
				);
				MARKETING_VERSION = 1.0;
				PRODUCT_BUNDLE_IDENTIFIER = "com.agah.WiggleGram-App-SwiftUI";
				PRODUCT_NAME = "$(TARGET_NAME)";
				SWIFT_EMIT_LOC_STRINGS = YES;
				SWIFT_VERSION = 5.0;
				TARGETED_DEVICE_FAMILY = "1,2";
			};
			name = Debug;
		};
		3868D3282A1E1F1200E3F53D /* Release */ = {
			isa = XCBuildConfiguration;
			buildSettings = {
				ASSETCATALOG_COMPILER_APPICON_NAME = AppIcon;
				ASSETCATALOG_COMPILER_GLOBAL_ACCENT_COLOR_NAME = AccentColor;
				CODE_SIGN_STYLE = Automatic;
				CURRENT_PROJECT_VERSION = 1;
				DEVELOPMENT_ASSET_PATHS = "\"WiggleGram_App_SwiftUI/Preview Content\"";
				DEVELOPMENT_TEAM = Y75CGNV7LK;
				ENABLE_PREVIEWS = YES;
				GENERATE_INFOPLIST_FILE = YES;
				INFOPLIST_KEY_UIApplicationSceneManifest_Generation = YES;
				INFOPLIST_KEY_UIApplicationSupportsIndirectInputEvents = YES;
				INFOPLIST_KEY_UILaunchScreen_Generation = YES;
				INFOPLIST_KEY_UISupportedInterfaceOrientations_iPad = "UIInterfaceOrientationPortrait UIInterfaceOrientationPortraitUpsideDown UIInterfaceOrientationLandscapeLeft UIInterfaceOrientationLandscapeRight";
				INFOPLIST_KEY_UISupportedInterfaceOrientations_iPhone = "UIInterfaceOrientationPortrait UIInterfaceOrientationLandscapeLeft UIInterfaceOrientationLandscapeRight";
				LD_RUNPATH_SEARCH_PATHS = (
					"$(inherited)",
					"@executable_path/Frameworks",
				);
				MARKETING_VERSION = 1.0;
				PRODUCT_BUNDLE_IDENTIFIER = "com.agah.WiggleGram-App-SwiftUI";
				PRODUCT_NAME = "$(TARGET_NAME)";
				SWIFT_EMIT_LOC_STRINGS = YES;
				SWIFT_VERSION = 5.0;
				TARGETED_DEVICE_FAMILY = "1,2";
			};
			name = Release;
		};
		3868D32A2A1E1F1200E3F53D /* Debug */ = {
			isa = XCBuildConfiguration;
			buildSettings = {
				ALWAYS_EMBED_SWIFT_STANDARD_LIBRARIES = YES;
				BUNDLE_LOADER = "$(TEST_HOST)";
				CODE_SIGN_STYLE = Automatic;
				CURRENT_PROJECT_VERSION = 1;
				DEVELOPMENT_TEAM = Y75CGNV7LK;
				GENERATE_INFOPLIST_FILE = YES;
				IPHONEOS_DEPLOYMENT_TARGET = 16.1;
				MARKETING_VERSION = 1.0;
				PRODUCT_BUNDLE_IDENTIFIER = "com.agah.WiggleGram-App-SwiftUITests";
				PRODUCT_NAME = "$(TARGET_NAME)";
				SWIFT_EMIT_LOC_STRINGS = NO;
				SWIFT_VERSION = 5.0;
				TARGETED_DEVICE_FAMILY = "1,2";
				TEST_HOST = "$(BUILT_PRODUCTS_DIR)/WiggleGram_App_SwiftUI.app/$(BUNDLE_EXECUTABLE_FOLDER_PATH)/WiggleGram_App_SwiftUI";
			};
			name = Debug;
		};
		3868D32B2A1E1F1200E3F53D /* Release */ = {
			isa = XCBuildConfiguration;
			buildSettings = {
				ALWAYS_EMBED_SWIFT_STANDARD_LIBRARIES = YES;
				BUNDLE_LOADER = "$(TEST_HOST)";
				CODE_SIGN_STYLE = Automatic;
				CURRENT_PROJECT_VERSION = 1;
				DEVELOPMENT_TEAM = Y75CGNV7LK;
				GENERATE_INFOPLIST_FILE = YES;
				IPHONEOS_DEPLOYMENT_TARGET = 16.1;
				MARKETING_VERSION = 1.0;
				PRODUCT_BUNDLE_IDENTIFIER = "com.agah.WiggleGram-App-SwiftUITests";
				PRODUCT_NAME = "$(TARGET_NAME)";
				SWIFT_EMIT_LOC_STRINGS = NO;
				SWIFT_VERSION = 5.0;
				TARGETED_DEVICE_FAMILY = "1,2";
				TEST_HOST = "$(BUILT_PRODUCTS_DIR)/WiggleGram_App_SwiftUI.app/$(BUNDLE_EXECUTABLE_FOLDER_PATH)/WiggleGram_App_SwiftUI";
			};
			name = Release;
		};
		3868D32D2A1E1F1200E3F53D /* Debug */ = {
			isa = XCBuildConfiguration;
			buildSettings = {
				ALWAYS_EMBED_SWIFT_STANDARD_LIBRARIES = YES;
				CODE_SIGN_STYLE = Automatic;
				CURRENT_PROJECT_VERSION = 1;
				DEVELOPMENT_TEAM = Y75CGNV7LK;
				GENERATE_INFOPLIST_FILE = YES;
				MARKETING_VERSION = 1.0;
				PRODUCT_BUNDLE_IDENTIFIER = "com.agah.WiggleGram-App-SwiftUIUITests";
				PRODUCT_NAME = "$(TARGET_NAME)";
				SWIFT_EMIT_LOC_STRINGS = NO;
				SWIFT_VERSION = 5.0;
				TARGETED_DEVICE_FAMILY = "1,2";
				TEST_TARGET_NAME = WiggleGram_App_SwiftUI;
			};
			name = Debug;
		};
		3868D32E2A1E1F1200E3F53D /* Release */ = {
			isa = XCBuildConfiguration;
			buildSettings = {
				ALWAYS_EMBED_SWIFT_STANDARD_LIBRARIES = YES;
				CODE_SIGN_STYLE = Automatic;
				CURRENT_PROJECT_VERSION = 1;
				DEVELOPMENT_TEAM = Y75CGNV7LK;
				GENERATE_INFOPLIST_FILE = YES;
				MARKETING_VERSION = 1.0;
				PRODUCT_BUNDLE_IDENTIFIER = "com.agah.WiggleGram-App-SwiftUIUITests";
				PRODUCT_NAME = "$(TARGET_NAME)";
				SWIFT_EMIT_LOC_STRINGS = NO;
				SWIFT_VERSION = 5.0;
				TARGETED_DEVICE_FAMILY = "1,2";
				TEST_TARGET_NAME = WiggleGram_App_SwiftUI;
			};
			name = Release;
		};
/* End XCBuildConfiguration section */

/* Begin XCConfigurationList section */
		3868D2FD2A1E1F1000E3F53D /* Build configuration list for PBXProject "WiggleGram_App_SwiftUI" */ = {
			isa = XCConfigurationList;
			buildConfigurations = (
				3868D3242A1E1F1200E3F53D /* Debug */,
				3868D3252A1E1F1200E3F53D /* Release */,
			);
			defaultConfigurationIsVisible = 0;
			defaultConfigurationName = Release;
		};
		3868D3262A1E1F1200E3F53D /* Build configuration list for PBXNativeTarget "WiggleGram_App_SwiftUI" */ = {
			isa = XCConfigurationList;
			buildConfigurations = (
				3868D3272A1E1F1200E3F53D /* Debug */,
				3868D3282A1E1F1200E3F53D /* Release */,
			);
			defaultConfigurationIsVisible = 0;
			defaultConfigurationName = Release;
		};
		3868D3292A1E1F1200E3F53D /* Build configuration list for PBXNativeTarget "WiggleGram_App_SwiftUITests" */ = {
			isa = XCConfigurationList;
			buildConfigurations = (
				3868D32A2A1E1F1200E3F53D /* Debug */,
				3868D32B2A1E1F1200E3F53D /* Release */,
			);
			defaultConfigurationIsVisible = 0;
			defaultConfigurationName = Release;
		};
		3868D32C2A1E1F1200E3F53D /* Build configuration list for PBXNativeTarget "WiggleGram_App_SwiftUIUITests" */ = {
			isa = XCConfigurationList;
			buildConfigurations = (
				3868D32D2A1E1F1200E3F53D /* Debug */,
				3868D32E2A1E1F1200E3F53D /* Release */,
			);
			defaultConfigurationIsVisible = 0;
			defaultConfigurationName = Release;
		};
/* End XCConfigurationList section */
	};
	rootObject = 3868D2FA2A1E1F1000E3F53D /* Project object */;
}
